
Microsoft Visual Studio Solution File, Format Version 12.00
# Visual Studio Version 17
VisualStudioVersion = 17.5.33530.505
MinimumVisualStudioVersion = 10.0.40219.1
Project("{9A19103F-16F7-4668-BE54-9A1E7A4F7556}") = "Tickets.Shared", "Tickets.Shared\Tickets.Shared.csproj", "{DF900DC5-DD1A-4666-80B4-8F7FB0CBA5AC}"
EndProject
Project("{9A19103F-16F7-4668-BE54-9A1E7A4F7556}") = "Tickets.API", "Tickets.API\Tickets.API.csproj", "{A01F4E3B-172A-41F4-A513-B35B4E528C93}"
EndProject
Project("{9A19103F-16F7-4668-BE54-9A1E7A4F7556}") = "Tickets.WEB", "Tickets.WEB\Tickets.WEB.csproj", "{14AF1597-60DB-4110-92D5-6AD0C5AAFAAA}"
EndProject
Global
	GlobalSection(SolutionConfigurationPlatforms) = preSolution
		Debug|Any CPU = Debug|Any CPU
		Release|Any CPU = Release|Any CPU
	EndGlobalSection
	GlobalSection(ProjectConfigurationPlatforms) = postSolution
		{DF900DC5-DD1A-4666-80B4-8F7FB0CBA5AC}.Debug|Any CPU.ActiveCfg = Debug|Any CPU
		{DF900DC5-DD1A-4666-80B4-8F7FB0CBA5AC}.Debug|Any CPU.Build.0 = Debug|Any CPU
		{DF900DC5-DD1A-4666-80B4-8F7FB0CBA5AC}.Release|Any CPU.ActiveCfg = Release|Any CPU
		{DF900DC5-DD1A-4666-80B4-8F7FB0CBA5AC}.Release|Any CPU.Build.0 = Release|Any CPU
		{A01F4E3B-172A-41F4-A513-B35B4E528C93}.Debug|Any CPU.ActiveCfg = Debug|Any CPU
		{A01F4E3B-172A-41F4-A513-B35B4E528C93}.Debug|Any CPU.Build.0 = Debug|Any CPU
		{A01F4E3B-172A-41F4-A513-B35B4E528C93}.Release|Any CPU.ActiveCfg = Release|Any CPU
		{A01F4E3B-172A-41F4-A513-B35B4E528C93}.Release|Any CPU.Build.0 = Release|Any CPU
		{14AF1597-60DB-4110-92D5-6AD0C5AAFAAA}.Debug|Any CPU.ActiveCfg = Debug|Any CPU
		{14AF1597-60DB-4110-92D5-6AD0C5AAFAAA}.Debug|Any CPU.Build.0 = Debug|Any CPU
		{14AF1597-60DB-4110-92D5-6AD0C5AAFAAA}.Release|Any CPU.ActiveCfg = Release|Any CPU
		{14AF1597-60DB-4110-92D5-6AD0C5AAFAAA}.Release|Any CPU.Build.0 = Release|Any CPU
	EndGlobalSection
	GlobalSection(SolutionProperties) = preSolution
		HideSolutionNode = FALSE
	EndGlobalSection
	GlobalSection(ExtensibilityGlobals) = postSolution
		SolutionGuid = {FA1C5460-865F-4407-BA1F-E5E9181341E1}
	EndGlobalSection
EndGlobal
